{
  "name": "gatsby-starter-portfolio-minimal",
  "version": "1.0.0",
  "lockfileVersion": 1,
  "requires": true,
  "dependencies": {
    "@fontsource/source-code-pro": {
      "version": "4.4.5",
      "resolved": "https://registry.npmjs.org/@fontsource/source-code-pro/-/source-code-pro-4.4.5.tgz",
      "integrity": "sha512-PuoF6JHR+s3IaceWMZB02fHLIOehIAfYQUGHXBEyuPQ+BdonbbYpS+RIyduKsUYt7ajZURysbBFlg/N0cb/Jhw=="
    }
  }
}
